
Microsoft Visual Studio Solution File, Format Version 12.00
# Visual Studio Version 16
VisualStudioVersion = 16.0.31624.102
MinimumVisualStudioVersion = 10.0.40219.1
Project("{FAE04EC0-301F-11D3-BF4B-00C04F79EFBC}") = "TestGraceful", "TestGraceful\TestGraceful.csproj", "{6C731C9B-B22D-40D5-BD1A-5294BBB39549}"
EndProject
Global
	GlobalSection(SolutionConfigurationPlatforms) = preSolution
		Debug|Any CPU = Debug|Any CPU
		Release|Any CPU = Release|Any CPU
	EndGlobalSection
	GlobalSection(ProjectConfigurationPlatforms) = postSolution
		{6C731C9B-B22D-40D5-BD1A-5294BBB39549}.Debug|Any CPU.ActiveCfg = Debug|Any CPU
		{6C731C9B-B22D-40D5-BD1A-5294BBB39549}.Debug|Any CPU.Build.0 = Debug|Any CPU
		{6C731C9B-B22D-40D5-BD1A-5294BBB39549}.Release|Any CPU.ActiveCfg = Release|Any CPU
		{6C731C9B-B22D-40D5-BD1A-5294BBB39549}.Release|Any CPU.Build.0 = Release|Any CPU
	EndGlobalSection
	GlobalSection(SolutionProperties) = preSolution
		HideSolutionNode = FALSE
	EndGlobalSection
	GlobalSection(ExtensibilityGlobals) = postSolution
		SolutionGuid = {C2FA1CC7-67AF-4E45-8C8B-297BDC068FFA}
	EndGlobalSection
EndGlobal
